
Microsoft Visual Studio Solution File, Format Version 12.00
# Visual Studio Version 16
VisualStudioVersion = 16.0.31321.278
MinimumVisualStudioVersion = 10.0.40219.1
Project("{FAE04EC0-301F-11D3-BF4B-00C04F79EFBC}") = "MihProjectExamen", "MihProjectExamen\MihProjectExamen.csproj", "{5A61B4A6-4BFE-4596-A212-F8DD1D70411B}"
EndProject
Project("{FAE04EC0-301F-11D3-BF4B-00C04F79EFBC}") = "ClassLibrary", "ClassLibrary\ClassLibrary.csproj", "{2C2A732B-3097-49C1-8D26-10B9E6CD5ED9}"
EndProject
Project("{FAE04EC0-301F-11D3-BF4B-00C04F79EFBC}") = "UnitTestProject", "UnitTestProject\UnitTestProject.csproj", "{FFB68DC3-F0A9-4DA1-A946-955C300FBDD6}"
EndProject
Global
	GlobalSection(SolutionConfigurationPlatforms) = preSolution
		Debug|Any CPU = Debug|Any CPU
		Release|Any CPU = Release|Any CPU
	EndGlobalSection
	GlobalSection(ProjectConfigurationPlatforms) = postSolution
		{5A61B4A6-4BFE-4596-A212-F8DD1D70411B}.Debug|Any CPU.ActiveCfg = Debug|Any CPU
		{5A61B4A6-4BFE-4596-A212-F8DD1D70411B}.Debug|Any CPU.Build.0 = Debug|Any CPU
		{5A61B4A6-4BFE-4596-A212-F8DD1D70411B}.Release|Any CPU.ActiveCfg = Release|Any CPU
		{5A61B4A6-4BFE-4596-A212-F8DD1D70411B}.Release|Any CPU.Build.0 = Release|Any CPU
		{2C2A732B-3097-49C1-8D26-10B9E6CD5ED9}.Debug|Any CPU.ActiveCfg = Debug|Any CPU
		{2C2A732B-3097-49C1-8D26-10B9E6CD5ED9}.Debug|Any CPU.Build.0 = Debug|Any CPU
		{2C2A732B-3097-49C1-8D26-10B9E6CD5ED9}.Release|Any CPU.ActiveCfg = Release|Any CPU
		{2C2A732B-3097-49C1-8D26-10B9E6CD5ED9}.Release|Any CPU.Build.0 = Release|Any CPU
		{FFB68DC3-F0A9-4DA1-A946-955C300FBDD6}.Debug|Any CPU.ActiveCfg = Debug|Any CPU
		{FFB68DC3-F0A9-4DA1-A946-955C300FBDD6}.Debug|Any CPU.Build.0 = Debug|Any CPU
		{FFB68DC3-F0A9-4DA1-A946-955C300FBDD6}.Release|Any CPU.ActiveCfg = Release|Any CPU
		{FFB68DC3-F0A9-4DA1-A946-955C300FBDD6}.Release|Any CPU.Build.0 = Release|Any CPU
	EndGlobalSection
	GlobalSection(SolutionProperties) = preSolution
		HideSolutionNode = FALSE
	EndGlobalSection
	GlobalSection(ExtensibilityGlobals) = postSolution
		SolutionGuid = {C3D6971F-C46B-4AEC-BC1D-4C113FCF273B}
	EndGlobalSection
EndGlobal
